
Microsoft Visual Studio Solution File, Format Version 12.00
# Visual Studio Version 17
VisualStudioVersion = 17.6.33815.320
MinimumVisualStudioVersion = 10.0.40219.1
Project("{FAE04EC0-301F-11D3-BF4B-00C04F79EFBC}") = "MenuTables", "MenuTables\MenuTables.csproj", "{88796B4E-481A-4307-8AB9-83BA34101B08}"
EndProject
Global
	GlobalSection(SolutionConfigurationPlatforms) = preSolution
		Debug|Any CPU = Debug|Any CPU
		Release|Any CPU = Release|Any CPU
	EndGlobalSection
	GlobalSection(ProjectConfigurationPlatforms) = postSolution
		{88796B4E-481A-4307-8AB9-83BA34101B08}.Debug|Any CPU.ActiveCfg = Debug|Any CPU
		{88796B4E-481A-4307-8AB9-83BA34101B08}.Debug|Any CPU.Build.0 = Debug|Any CPU
		{88796B4E-481A-4307-8AB9-83BA34101B08}.Release|Any CPU.ActiveCfg = Release|Any CPU
		{88796B4E-481A-4307-8AB9-83BA34101B08}.Release|Any CPU.Build.0 = Release|Any CPU
	EndGlobalSection
	GlobalSection(SolutionProperties) = preSolution
		HideSolutionNode = FALSE
	EndGlobalSection
	GlobalSection(ExtensibilityGlobals) = postSolution
		SolutionGuid = {F26A7D5E-C6CC-4DB7-A572-2EEA11E17F02}
	EndGlobalSection
EndGlobal
